
Microsoft Visual Studio Solution File, Format Version 12.00
# Visual Studio Version 17
VisualStudioVersion = 17.8.34511.84
MinimumVisualStudioVersion = 10.0.40219.1
Project("{FAE04EC0-301F-11D3-BF4B-00C04F79EFBC}") = "MovieProject", "MovieProject\MovieProject.csproj", "{02FA7AC0-7328-4845-9919-63D71539F36B}"
EndProject
Global
	GlobalSection(SolutionConfigurationPlatforms) = preSolution
		Debug|Any CPU = Debug|Any CPU
		Release|Any CPU = Release|Any CPU
	EndGlobalSection
	GlobalSection(ProjectConfigurationPlatforms) = postSolution
		{02FA7AC0-7328-4845-9919-63D71539F36B}.Debug|Any CPU.ActiveCfg = Debug|Any CPU
		{02FA7AC0-7328-4845-9919-63D71539F36B}.Debug|Any CPU.Build.0 = Debug|Any CPU
		{02FA7AC0-7328-4845-9919-63D71539F36B}.Release|Any CPU.ActiveCfg = Release|Any CPU
		{02FA7AC0-7328-4845-9919-63D71539F36B}.Release|Any CPU.Build.0 = Release|Any CPU
	EndGlobalSection
	GlobalSection(SolutionProperties) = preSolution
		HideSolutionNode = FALSE
	EndGlobalSection
	GlobalSection(ExtensibilityGlobals) = postSolution
		SolutionGuid = {410672AD-D9CE-4469-AFEA-D8D40E6ACAB5}
	EndGlobalSection
EndGlobal
